
Microsoft Visual Studio Solution File, Format Version 12.00
# Visual Studio Version 17
VisualStudioVersion = 17.5.33530.505
MinimumVisualStudioVersion = 10.0.40219.1
Project("{FAE04EC0-301F-11D3-BF4B-00C04F79EFBC}") = "Training_Management", "Training_Management\Training_Management.csproj", "{FEA2B639-28EB-40A5-ACD4-ECAEF44FCEAC}"
EndProject
Global
	GlobalSection(SolutionConfigurationPlatforms) = preSolution
		Debug|Any CPU = Debug|Any CPU
		Release|Any CPU = Release|Any CPU
	EndGlobalSection
	GlobalSection(ProjectConfigurationPlatforms) = postSolution
		{FEA2B639-28EB-40A5-ACD4-ECAEF44FCEAC}.Debug|Any CPU.ActiveCfg = Debug|Any CPU
		{FEA2B639-28EB-40A5-ACD4-ECAEF44FCEAC}.Debug|Any CPU.Build.0 = Debug|Any CPU
		{FEA2B639-28EB-40A5-ACD4-ECAEF44FCEAC}.Release|Any CPU.ActiveCfg = Release|Any CPU
		{FEA2B639-28EB-40A5-ACD4-ECAEF44FCEAC}.Release|Any CPU.Build.0 = Release|Any CPU
	EndGlobalSection
	GlobalSection(SolutionProperties) = preSolution
		HideSolutionNode = FALSE
	EndGlobalSection
	GlobalSection(ExtensibilityGlobals) = postSolution
		SolutionGuid = {0970DF04-9271-4FFA-B188-8160F8B32770}
	EndGlobalSection
EndGlobal
